// !$*UTF8*$!
{
	archiveVersion = 1;
	classes = {
	};
	objectVersion = 55;
	objects = {

/* Begin PBXBuildFile section */
		C5D4E0BE27656D5700A280A4 /* AppDelegate.swift in Sources */ = {isa = PBXBuildFile; fileRef = C5D4E0BD27656D5700A280A4 /* AppDelegate.swift */; };
		C5D4E0C027656D5700A280A4 /* SceneDelegate.swift in Sources */ = {isa = PBXBuildFile; fileRef = C5D4E0BF27656D5700A280A4 /* SceneDelegate.swift */; };
		C5D4E0C727656D5900A280A4 /* Assets.xcassets in Resources */ = {isa = PBXBuildFile; fileRef = C5D4E0C627656D5900A280A4 /* Assets.xcassets */; };
		C5D4E0CA27656D5900A280A4 /* LaunchScreen.storyboard in Resources */ = {isa = PBXBuildFile; fileRef = C5D4E0C827656D5900A280A4 /* LaunchScreen.storyboard */; };
		C5D4E0D22765725900A280A4 /* HNTabBarController.swift in Sources */ = {isa = PBXBuildFile; fileRef = C5D4E0D12765725900A280A4 /* HNTabBarController.swift */; };
		C5D4E0D42765748300A280A4 /* HomeVC.swift in Sources */ = {isa = PBXBuildFile; fileRef = C5D4E0D32765748300A280A4 /* HomeVC.swift */; };
		C5D4E0D6276574B600A280A4 /* SettingsVC.swift in Sources */ = {isa = PBXBuildFile; fileRef = C5D4E0D5276574B600A280A4 /* SettingsVC.swift */; };
		C5D4E0D82765918100A280A4 /* Constants.swift in Sources */ = {isa = PBXBuildFile; fileRef = C5D4E0D72765918000A280A4 /* Constants.swift */; };
		C5D4E0DC2765BA3300A280A4 /* NetworkManager.swift in Sources */ = {isa = PBXBuildFile; fileRef = C5D4E0DB2765BA3300A280A4 /* NetworkManager.swift */; };
		C5D4E0DE2765BA5400A280A4 /* Item.swift in Sources */ = {isa = PBXBuildFile; fileRef = C5D4E0DD2765BA5400A280A4 /* Item.swift */; };
		C5D4E0E02765BEB900A280A4 /* HNError.swift in Sources */ = {isa = PBXBuildFile; fileRef = C5D4E0DF2765BEB900A280A4 /* HNError.swift */; };
		C5D4E0E22765D04C00A280A4 /* HNItemCell.swift in Sources */ = {isa = PBXBuildFile; fileRef = C5D4E0E12765D04C00A280A4 /* HNItemCell.swift */; };
		C5D4E0E42765D20100A280A4 /* HNTitleLabel.swift in Sources */ = {isa = PBXBuildFile; fileRef = C5D4E0E32765D20100A280A4 /* HNTitleLabel.swift */; };
		C5D4E0E627668B2200A280A4 /* HNBodyLabel.swift in Sources */ = {isa = PBXBuildFile; fileRef = C5D4E0E527668B2200A280A4 /* HNBodyLabel.swift */; };
		C5D4E0E82766971A00A280A4 /* HNSymbolTextView.swift in Sources */ = {isa = PBXBuildFile; fileRef = C5D4E0E72766971A00A280A4 /* HNSymbolTextView.swift */; };
		C5D4E0EA2766E31800A280A4 /* Date+Ext.swift in Sources */ = {isa = PBXBuildFile; fileRef = C5D4E0E92766E31800A280A4 /* Date+Ext.swift */; };
/* End PBXBuildFile section */

/* Begin PBXFileReference section */
		C5D4E0BA27656D5700A280A4 /* HackerNews.app */ = {isa = PBXFileReference; explicitFileType = wrapper.application; includeInIndex = 0; path = HackerNews.app; sourceTree = BUILT_PRODUCTS_DIR; };
		C5D4E0BD27656D5700A280A4 /* AppDelegate.swift */ = {isa = PBXFileReference; lastKnownFileType = sourcecode.swift; path = AppDelegate.swift; sourceTree = "<group>"; };
		C5D4E0BF27656D5700A280A4 /* SceneDelegate.swift */ = {isa = PBXFileReference; lastKnownFileType = sourcecode.swift; path = SceneDelegate.swift; sourceTree = "<group>"; };
		C5D4E0C627656D5900A280A4 /* Assets.xcassets */ = {isa = PBXFileReference; lastKnownFileType = folder.assetcatalog; path = Assets.xcassets; sourceTree = "<group>"; };
		C5D4E0C927656D5900A280A4 /* Base */ = {isa = PBXFileReference; lastKnownFileType = file.storyboard; name = Base; path = Base.lproj/LaunchScreen.storyboard; sourceTree = "<group>"; };
		C5D4E0CB27656D5900A280A4 /* Info.plist */ = {isa = PBXFileReference; lastKnownFileType = text.plist.xml; path = Info.plist; sourceTree = "<group>"; };
		C5D4E0D12765725900A280A4 /* HNTabBarController.swift */ = {isa = PBXFileReference; lastKnownFileType = sourcecode.swift; path = HNTabBarController.swift; sourceTree = "<group>"; };
		C5D4E0D32765748300A280A4 /* HomeVC.swift */ = {isa = PBXFileReference; lastKnownFileType = sourcecode.swift; path = HomeVC.swift; sourceTree = "<group>"; };
		C5D4E0D5276574B600A280A4 /* SettingsVC.swift */ = {isa = PBXFileReference; lastKnownFileType = sourcecode.swift; path = SettingsVC.swift; sourceTree = "<group>"; };
		C5D4E0D72765918000A280A4 /* Constants.swift */ = {isa = PBXFileReference; lastKnownFileType = sourcecode.swift; path = Constants.swift; sourceTree = "<group>"; };
		C5D4E0DB2765BA3300A280A4 /* NetworkManager.swift */ = {isa = PBXFileReference; fileEncoding = 4; lastKnownFileType = sourcecode.swift; path = NetworkManager.swift; sourceTree = "<group>"; };
		C5D4E0DD2765BA5400A280A4 /* Item.swift */ = {isa = PBXFileReference; lastKnownFileType = sourcecode.swift; path = Item.swift; sourceTree = "<group>"; };
		C5D4E0DF2765BEB900A280A4 /* HNError.swift */ = {isa = PBXFileReference; fileEncoding = 4; lastKnownFileType = sourcecode.swift; path = HNError.swift; sourceTree = "<group>"; };
		C5D4E0E12765D04C00A280A4 /* HNItemCell.swift */ = {isa = PBXFileReference; lastKnownFileType = sourcecode.swift; path = HNItemCell.swift; sourceTree = "<group>"; };
		C5D4E0E32765D20100A280A4 /* HNTitleLabel.swift */ = {isa = PBXFileReference; lastKnownFileType = sourcecode.swift; path = HNTitleLabel.swift; sourceTree = "<group>"; };
		C5D4E0E527668B2200A280A4 /* HNBodyLabel.swift */ = {isa = PBXFileReference; lastKnownFileType = sourcecode.swift; path = HNBodyLabel.swift; sourceTree = "<group>"; };
		C5D4E0E72766971A00A280A4 /* HNSymbolTextView.swift */ = {isa = PBXFileReference; lastKnownFileType = sourcecode.swift; path = HNSymbolTextView.swift; sourceTree = "<group>"; };
		C5D4E0E92766E31800A280A4 /* Date+Ext.swift */ = {isa = PBXFileReference; lastKnownFileType = sourcecode.swift; path = "Date+Ext.swift"; sourceTree = "<group>"; };
/* End PBXFileReference section */

/* Begin PBXFrameworksBuildPhase section */
		C5D4E0B727656D5700A280A4 /* Frameworks */ = {
			isa = PBXFrameworksBuildPhase;
			buildActionMask = 2147483647;
			files = (
			);
			runOnlyForDeploymentPostprocessing = 0;
		};
/* End PBXFrameworksBuildPhase section */

/* Begin PBXGroup section */
		C5D4E0B127656D5700A280A4 = {
			isa = PBXGroup;
			children = (
				C5D4E0BC27656D5700A280A4 /* HackerNews */,
				C5D4E0BB27656D5700A280A4 /* Products */,
			);
			sourceTree = "<group>";
		};
		C5D4E0BB27656D5700A280A4 /* Products */ = {
			isa = PBXGroup;
			children = (
				C5D4E0BA27656D5700A280A4 /* HackerNews.app */,
			);
			name = Products;
			sourceTree = "<group>";
		};
		C5D4E0BC27656D5700A280A4 /* HackerNews */ = {
			isa = PBXGroup;
			children = (
				C5D4E0EC27670AA300A280A4 /* Utilities */,
				C5D4E0EB27670A9600A280A4 /* Extensions */,
				C5D4E0F127670B3D00A280A4 /* Managers */,
				C5D4E0ED27670ABF00A280A4 /* Model */,
				C5D4E0F027670B2300A280A4 /* Custom Views */,
				C5D4E0EF27670B0400A280A4 /* Screens */,
				C5D4E0EE27670ADB00A280A4 /* Support */,
			);
			path = HackerNews;
			sourceTree = "<group>";
		};
		C5D4E0EB27670A9600A280A4 /* Extensions */ = {
			isa = PBXGroup;
			children = (
				C5D4E0E92766E31800A280A4 /* Date+Ext.swift */,
			);
			path = Extensions;
			sourceTree = "<group>";
		};
		C5D4E0EC27670AA300A280A4 /* Utilities */ = {
			isa = PBXGroup;
			children = (
				C5D4E0D72765918000A280A4 /* Constants.swift */,
				C5D4E0DF2765BEB900A280A4 /* HNError.swift */,
			);
			path = Utilities;
			sourceTree = "<group>";
		};
		C5D4E0ED27670ABF00A280A4 /* Model */ = {
			isa = PBXGroup;
			children = (
				C5D4E0DD2765BA5400A280A4 /* Item.swift */,
			);
			path = Model;
			sourceTree = "<group>";
		};
		C5D4E0EE27670ADB00A280A4 /* Support */ = {
			isa = PBXGroup;
			children = (
				C5D4E0BD27656D5700A280A4 /* AppDelegate.swift */,
				C5D4E0BF27656D5700A280A4 /* SceneDelegate.swift */,
				C5D4E0C627656D5900A280A4 /* Assets.xcassets */,
				C5D4E0C827656D5900A280A4 /* LaunchScreen.storyboard */,
				C5D4E0CB27656D5900A280A4 /* Info.plist */,
			);
			name = Support;
			sourceTree = "<group>";
		};
		C5D4E0EF27670B0400A280A4 /* Screens */ = {
			isa = PBXGroup;
			children = (
				C5D4E0D32765748300A280A4 /* HomeVC.swift */,
				C5D4E0D5276574B600A280A4 /* SettingsVC.swift */,
			);
			path = Screens;
			sourceTree = "<group>";
		};
		C5D4E0F027670B2300A280A4 /* Custom Views */ = {
			isa = PBXGroup;
			children = (
				C5D4E0D12765725900A280A4 /* HNTabBarController.swift */,
				C5D4E0F427670B7C00A280A4 /* Cells */,
				C5D4E0F327670B5400A280A4 /* Views */,
				C5D4E0F227670B4A00A280A4 /* Labels */,
			);
			path = "Custom Views";
			sourceTree = "<group>";
		};
		C5D4E0F127670B3D00A280A4 /* Managers */ = {
			isa = PBXGroup;
			children = (
				C5D4E0DB2765BA3300A280A4 /* NetworkManager.swift */,
			);
			path = Managers;
			sourceTree = "<group>";
		};
		C5D4E0F227670B4A00A280A4 /* Labels */ = {
			isa = PBXGroup;
			children = (
				C5D4E0E32765D20100A280A4 /* HNTitleLabel.swift */,
				C5D4E0E527668B2200A280A4 /* HNBodyLabel.swift */,
			);
			path = Labels;
			sourceTree = "<group>";
		};
		C5D4E0F327670B5400A280A4 /* Views */ = {
			isa = PBXGroup;
			children = (
				C5D4E0E72766971A00A280A4 /* HNSymbolTextView.swift */,
			);
			path = Views;
			sourceTree = "<group>";
		};
		C5D4E0F427670B7C00A280A4 /* Cells */ = {
			isa = PBXGroup;
			children = (
				C5D4E0E12765D04C00A280A4 /* HNItemCell.swift */,
			);
			path = Cells;
			sourceTree = "<group>";
		};
/* End PBXGroup section */

/* Begin PBXNativeTarget section */
		C5D4E0B927656D5700A280A4 /* HackerNews */ = {
			isa = PBXNativeTarget;
			buildConfigurationList = C5D4E0CE27656D5900A280A4 /* Build configuration list for PBXNativeTarget "HackerNews" */;
			buildPhases = (
				C5D4E0B627656D5700A280A4 /* Sources */,
				C5D4E0B727656D5700A280A4 /* Frameworks */,
				C5D4E0B827656D5700A280A4 /* Resources */,
			);
			buildRules = (
			);
			dependencies = (
			);
			name = HackerNews;
			productName = HackerNews;
			productReference = C5D4E0BA27656D5700A280A4 /* HackerNews.app */;
			productType = "com.apple.product-type.application";
		};
/* End PBXNativeTarget section */

/* Begin PBXProject section */
		C5D4E0B227656D5700A280A4 /* Project object */ = {
			isa = PBXProject;
			attributes = {
				BuildIndependentTargetsInParallel = 1;
				LastSwiftUpdateCheck = 1310;
				LastUpgradeCheck = 1310;
				TargetAttributes = {
					C5D4E0B927656D5700A280A4 = {
						CreatedOnToolsVersion = 13.1;
					};
				};
			};
			buildConfigurationList = C5D4E0B527656D5700A280A4 /* Build configuration list for PBXProject "HackerNews" */;
			compatibilityVersion = "Xcode 13.0";
			developmentRegion = en;
			hasScannedForEncodings = 0;
			knownRegions = (
				en,
				Base,
			);
			mainGroup = C5D4E0B127656D5700A280A4;
			productRefGroup = C5D4E0BB27656D5700A280A4 /* Products */;
			projectDirPath = "";
			projectRoot = "";
			targets = (
				C5D4E0B927656D5700A280A4 /* HackerNews */,
			);
		};
/* End PBXProject section */

/* Begin PBXResourcesBuildPhase section */
		C5D4E0B827656D5700A280A4 /* Resources */ = {
			isa = PBXResourcesBuildPhase;
			buildActionMask = 2147483647;
			files = (
				C5D4E0CA27656D5900A280A4 /* LaunchScreen.storyboard in Resources */,
				C5D4E0C727656D5900A280A4 /* Assets.xcassets in Resources */,
			);
			runOnlyForDeploymentPostprocessing = 0;
		};
/* End PBXResourcesBuildPhase section */

/* Begin PBXSourcesBuildPhase section */
		C5D4E0B627656D5700A280A4 /* Sources */ = {
			isa = PBXSourcesBuildPhase;
			buildActionMask = 2147483647;
			files = (
				C5D4E0E82766971A00A280A4 /* HNSymbolTextView.swift in Sources */,
				C5D4E0E42765D20100A280A4 /* HNTitleLabel.swift in Sources */,
				C5D4E0E22765D04C00A280A4 /* HNItemCell.swift in Sources */,
				C5D4E0D22765725900A280A4 /* HNTabBarController.swift in Sources */,
				C5D4E0D42765748300A280A4 /* HomeVC.swift in Sources */,
				C5D4E0EA2766E31800A280A4 /* Date+Ext.swift in Sources */,
				C5D4E0E627668B2200A280A4 /* HNBodyLabel.swift in Sources */,
				C5D4E0BE27656D5700A280A4 /* AppDelegate.swift in Sources */,
				C5D4E0E02765BEB900A280A4 /* HNError.swift in Sources */,
				C5D4E0DC2765BA3300A280A4 /* NetworkManager.swift in Sources */,
				C5D4E0DE2765BA5400A280A4 /* Item.swift in Sources */,
				C5D4E0C027656D5700A280A4 /* SceneDelegate.swift in Sources */,
				C5D4E0D6276574B600A280A4 /* SettingsVC.swift in Sources */,
				C5D4E0D82765918100A280A4 /* Constants.swift in Sources */,
			);
			runOnlyForDeploymentPostprocessing = 0;
		};
/* End PBXSourcesBuildPhase section */

/* Begin PBXVariantGroup section */
		C5D4E0C827656D5900A280A4 /* LaunchScreen.storyboard */ = {
			isa = PBXVariantGroup;
			children = (
				C5D4E0C927656D5900A280A4 /* Base */,
			);
			name = LaunchScreen.storyboard;
			sourceTree = "<group>";
		};
/* End PBXVariantGroup section */

/* Begin XCBuildConfiguration section */
		C5D4E0CC27656D5900A280A4 /* Debug */ = {
			isa = XCBuildConfiguration;
			buildSettings = {
				ALWAYS_SEARCH_USER_PATHS = NO;
				CLANG_ANALYZER_NONNULL = YES;
				CLANG_ANALYZER_NUMBER_OBJECT_CONVERSION = YES_AGGRESSIVE;
				CLANG_CXX_LANGUAGE_STANDARD = "gnu++17";
				CLANG_CXX_LIBRARY = "libc++";
				CLANG_ENABLE_MODULES = YES;
				CLANG_ENABLE_OBJC_ARC = YES;
				CLANG_ENABLE_OBJC_WEAK = YES;
				CLANG_WARN_BLOCK_CAPTURE_AUTORELEASING = YES;
				CLANG_WARN_BOOL_CONVERSION = YES;
				CLANG_WARN_COMMA = YES;
				CLANG_WARN_CONSTANT_CONVERSION = YES;
				CLANG_WARN_DEPRECATED_OBJC_IMPLEMENTATIONS = YES;
				CLANG_WARN_DIRECT_OBJC_ISA_USAGE = YES_ERROR;
				CLANG_WARN_DOCUMENTATION_COMMENTS = YES;
				CLANG_WARN_EMPTY_BODY = YES;
				CLANG_WARN_ENUM_CONVERSION = YES;
				CLANG_WARN_INFINITE_RECURSION = YES;
				CLANG_WARN_INT_CONVERSION = YES;
				CLANG_WARN_NON_LITERAL_NULL_CONVERSION = YES;
				CLANG_WARN_OBJC_IMPLICIT_RETAIN_SELF = YES;
				CLANG_WARN_OBJC_LITERAL_CONVERSION = YES;
				CLANG_WARN_OBJC_ROOT_CLASS = YES_ERROR;
				CLANG_WARN_QUOTED_INCLUDE_IN_FRAMEWORK_HEADER = YES;
				CLANG_WARN_RANGE_LOOP_ANALYSIS = YES;
				CLANG_WARN_STRICT_PROTOTYPES = YES;
				CLANG_WARN_SUSPICIOUS_MOVE = YES;
				CLANG_WARN_UNGUARDED_AVAILABILITY = YES_AGGRESSIVE;
				CLANG_WARN_UNREACHABLE_CODE = YES;
				CLANG_WARN__DUPLICATE_METHOD_MATCH = YES;
				COPY_PHASE_STRIP = NO;
				DEBUG_INFORMATION_FORMAT = dwarf;
				ENABLE_STRICT_OBJC_MSGSEND = YES;
				ENABLE_TESTABILITY = YES;
				GCC_C_LANGUAGE_STANDARD = gnu11;
				GCC_DYNAMIC_NO_PIC = NO;
				GCC_NO_COMMON_BLOCKS = YES;
				GCC_OPTIMIZATION_LEVEL = 0;
				GCC_PREPROCESSOR_DEFINITIONS = (
					"DEBUG=1",
					"$(inherited)",
				);
				GCC_WARN_64_TO_32_BIT_CONVERSION = YES;
				GCC_WARN_ABOUT_RETURN_TYPE = YES_ERROR;
				GCC_WARN_UNDECLARED_SELECTOR = YES;
				GCC_WARN_UNINITIALIZED_AUTOS = YES_AGGRESSIVE;
				GCC_WARN_UNUSED_FUNCTION = YES;
				GCC_WARN_UNUSED_VARIABLE = YES;
				IPHONEOS_DEPLOYMENT_TARGET = 15.0;
				MTL_ENABLE_DEBUG_INFO = INCLUDE_SOURCE;
				MTL_FAST_MATH = YES;
				ONLY_ACTIVE_ARCH = YES;
				SDKROOT = iphoneos;
				SWIFT_ACTIVE_COMPILATION_CONDITIONS = DEBUG;
				SWIFT_OPTIMIZATION_LEVEL = "-Onone";
			};
			name = Debug;
		};
		C5D4E0CD27656D5900A280A4 /* Release */ = {
			isa = XCBuildConfiguration;
			buildSettings = {
				ALWAYS_SEARCH_USER_PATHS = NO;
				CLANG_ANALYZER_NONNULL = YES;
				CLANG_ANALYZER_NUMBER_OBJECT_CONVERSION = YES_AGGRESSIVE;
				CLANG_CXX_LANGUAGE_STANDARD = "gnu++17";
				CLANG_CXX_LIBRARY = "libc++";
				CLANG_ENABLE_MODULES = YES;
				CLANG_ENABLE_OBJC_ARC = YES;
				CLANG_ENABLE_OBJC_WEAK = YES;
				CLANG_WARN_BLOCK_CAPTURE_AUTORELEASING = YES;
				CLANG_WARN_BOOL_CONVERSION = YES;
				CLANG_WARN_COMMA = YES;
				CLANG_WARN_CONSTANT_CONVERSION = YES;
				CLANG_WARN_DEPRECATED_OBJC_IMPLEMENTATIONS = YES;
				CLANG_WARN_DIRECT_OBJC_ISA_USAGE = YES_ERROR;
				CLANG_WARN_DOCUMENTATION_COMMENTS = YES;
				CLANG_WARN_EMPTY_BODY = YES;
				CLANG_WARN_ENUM_CONVERSION = YES;
				CLANG_WARN_INFINITE_RECURSION = YES;
				CLANG_WARN_INT_CONVERSION = YES;
				CLANG_WARN_NON_LITERAL_NULL_CONVERSION = YES;
				CLANG_WARN_OBJC_IMPLICIT_RETAIN_SELF = YES;
				CLANG_WARN_OBJC_LITERAL_CONVERSION = YES;
				CLANG_WARN_OBJC_ROOT_CLASS = YES_ERROR;
				CLANG_WARN_QUOTED_INCLUDE_IN_FRAMEWORK_HEADER = YES;
				CLANG_WARN_RANGE_LOOP_ANALYSIS = YES;
				CLANG_WARN_STRICT_PROTOTYPES = YES;
				CLANG_WARN_SUSPICIOUS_MOVE = YES;
				CLANG_WARN_UNGUARDED_AVAILABILITY = YES_AGGRESSIVE;
				CLANG_WARN_UNREACHABLE_CODE = YES;
				CLANG_WARN__DUPLICATE_METHOD_MATCH = YES;
				COPY_PHASE_STRIP = NO;
				DEBUG_INFORMATION_FORMAT = "dwarf-with-dsym";
				ENABLE_NS_ASSERTIONS = NO;
				ENABLE_STRICT_OBJC_MSGSEND = YES;
				GCC_C_LANGUAGE_STANDARD = gnu11;
				GCC_NO_COMMON_BLOCKS = YES;
				GCC_WARN_64_TO_32_BIT_CONVERSION = YES;
				GCC_WARN_ABOUT_RETURN_TYPE = YES_ERROR;
				GCC_WARN_UNDECLARED_SELECTOR = YES;
				GCC_WARN_UNINITIALIZED_AUTOS = YES_AGGRESSIVE;
				GCC_WARN_UNUSED_FUNCTION = YES;
				GCC_WARN_UNUSED_VARIABLE = YES;
				IPHONEOS_DEPLOYMENT_TARGET = 15.0;
				MTL_ENABLE_DEBUG_INFO = NO;
				MTL_FAST_MATH = YES;
				SDKROOT = iphoneos;
				SWIFT_COMPILATION_MODE = wholemodule;
				SWIFT_OPTIMIZATION_LEVEL = "-O";
				VALIDATE_PRODUCT = YES;
			};
			name = Release;
		};
		C5D4E0CF27656D5900A280A4 /* Debug */ = {
			isa = XCBuildConfiguration;
			buildSettings = {
				ASSETCATALOG_COMPILER_APPICON_NAME = AppIcon;
				ASSETCATALOG_COMPILER_GLOBAL_ACCENT_COLOR_NAME = AccentColor;
				CODE_SIGN_STYLE = Automatic;
				CURRENT_PROJECT_VERSION = 1;
				DEVELOPMENT_TEAM = C7X77XQ2L3;
				GENERATE_INFOPLIST_FILE = YES;
				INFOPLIST_FILE = HackerNews/Info.plist;
				INFOPLIST_KEY_UIApplicationSupportsIndirectInputEvents = YES;
				INFOPLIST_KEY_UILaunchStoryboardName = LaunchScreen;
				INFOPLIST_KEY_UISupportedInterfaceOrientations = UIInterfaceOrientationPortrait;
				INFOPLIST_KEY_UISupportedInterfaceOrientations_iPad = "UIInterfaceOrientationPortrait UIInterfaceOrientationPortraitUpsideDown UIInterfaceOrientationLandscapeLeft UIInterfaceOrientationLandscapeRight";
				INFOPLIST_KEY_UISupportedInterfaceOrientations_iPhone = "UIInterfaceOrientationPortrait UIInterfaceOrientationLandscapeLeft UIInterfaceOrientationLandscapeRight";
				LD_RUNPATH_SEARCH_PATHS = (
					"$(inherited)",
					"@executable_path/Frameworks",
				);
				MARKETING_VERSION = 1.0;
				PRODUCT_BUNDLE_IDENTIFIER = com.antoniovegaochoa.HackerNews;
				PRODUCT_NAME = "$(TARGET_NAME)";
				SWIFT_EMIT_LOC_STRINGS = YES;
				SWIFT_VERSION = 5.0;
				TARGETED_DEVICE_FAMILY = 1;
			};
			name = Debug;
		};
		C5D4E0D027656D5900A280A4 /* Release */ = {
			isa = XCBuildConfiguration;
			buildSettings = {
				ASSETCATALOG_COMPILER_APPICON_NAME = AppIcon;
				ASSETCATALOG_COMPILER_GLOBAL_ACCENT_COLOR_NAME = AccentColor;
				CODE_SIGN_STYLE = Automatic;
				CURRENT_PROJECT_VERSION = 1;
				DEVELOPMENT_TEAM = C7X77XQ2L3;
				GENERATE_INFOPLIST_FILE = YES;
				INFOPLIST_FILE = HackerNews/Info.plist;
				INFOPLIST_KEY_UIApplicationSupportsIndirectInputEvents = YES;
				INFOPLIST_KEY_UILaunchStoryboardName = LaunchScreen;
				INFOPLIST_KEY_UISupportedInterfaceOrientations = UIInterfaceOrientationPortrait;
				INFOPLIST_KEY_UISupportedInterfaceOrientations_iPad = "UIInterfaceOrientationPortrait UIInterfaceOrientationPortraitUpsideDown UIInterfaceOrientationLandscapeLeft UIInterfaceOrientationLandscapeRight";
				INFOPLIST_KEY_UISupportedInterfaceOrientations_iPhone = "UIInterfaceOrientationPortrait UIInterfaceOrientationLandscapeLeft UIInterfaceOrientationLandscapeRight";
				LD_RUNPATH_SEARCH_PATHS = (
					"$(inherited)",
					"@executable_path/Frameworks",
				);
				MARKETING_VERSION = 1.0;
				PRODUCT_BUNDLE_IDENTIFIER = com.antoniovegaochoa.HackerNews;
				PRODUCT_NAME = "$(TARGET_NAME)";
				SWIFT_EMIT_LOC_STRINGS = YES;
				SWIFT_VERSION = 5.0;
				TARGETED_DEVICE_FAMILY = 1;
			};
			name = Release;
		};
/* End XCBuildConfiguration section */

/* Begin XCConfigurationList section */
		C5D4E0B527656D5700A280A4 /* Build configuration list for PBXProject "HackerNews" */ = {
			isa = XCConfigurationList;
			buildConfigurations = (
				C5D4E0CC27656D5900A280A4 /* Debug */,
				C5D4E0CD27656D5900A280A4 /* Release */,
			);
			defaultConfigurationIsVisible = 0;
			defaultConfigurationName = Release;
		};
		C5D4E0CE27656D5900A280A4 /* Build configuration list for PBXNativeTarget "HackerNews" */ = {
			isa = XCConfigurationList;
			buildConfigurations = (
				C5D4E0CF27656D5900A280A4 /* Debug */,
				C5D4E0D027656D5900A280A4 /* Release */,
			);
			defaultConfigurationIsVisible = 0;
			defaultConfigurationName = Release;
		};
/* End XCConfigurationList section */
	};
	rootObject = C5D4E0B227656D5700A280A4 /* Project object */;
}
